
Microsoft Visual Studio Solution File, Format Version 11.00
# Visual Studio 2010
Project("{FAE04EC0-301F-11D3-BF4B-00C04F79EFBC}") = "015鍵盤事件表單自動跳輸入框 - JS Bin", "015功能測試用\015鍵盤事件表單自動跳輸入框 - JS Bin.csproj", "{30394AB1-50E2-43C6-9D7E-C52C55A701E8}"
EndProject
Global
	GlobalSection(SolutionConfigurationPlatforms) = preSolution
		Debug|Any CPU = Debug|Any CPU
		Release|Any CPU = Release|Any CPU
	EndGlobalSection
	GlobalSection(ProjectConfigurationPlatforms) = postSolution
		{30394AB1-50E2-43C6-9D7E-C52C55A701E8}.Debug|Any CPU.ActiveCfg = Debug|Any CPU
		{30394AB1-50E2-43C6-9D7E-C52C55A701E8}.Debug|Any CPU.Build.0 = Debug|Any CPU
		{30394AB1-50E2-43C6-9D7E-C52C55A701E8}.Release|Any CPU.ActiveCfg = Release|Any CPU
		{30394AB1-50E2-43C6-9D7E-C52C55A701E8}.Release|Any CPU.Build.0 = Release|Any CPU
	EndGlobalSection
	GlobalSection(SolutionProperties) = preSolution
		HideSolutionNode = FALSE
	EndGlobalSection
EndGlobal
