
Microsoft Visual Studio Solution File, Format Version 11.00
# Visual Studio 2010
Project("{FAE04EC0-301F-11D3-BF4B-00C04F79EFBC}") = "007分類取得的課程與取得學生", "006取得學年度學期與課程\007分類取得的課程與取得學生.csproj", "{FC1DAC38-0715-4C7A-9FDF-68CD472774A1}"
EndProject
Global
	GlobalSection(SolutionConfigurationPlatforms) = preSolution
		Debug|Any CPU = Debug|Any CPU
		Release|Any CPU = Release|Any CPU
	EndGlobalSection
	GlobalSection(ProjectConfigurationPlatforms) = postSolution
		{FC1DAC38-0715-4C7A-9FDF-68CD472774A1}.Debug|Any CPU.ActiveCfg = Debug|Any CPU
		{FC1DAC38-0715-4C7A-9FDF-68CD472774A1}.Debug|Any CPU.Build.0 = Debug|Any CPU
		{FC1DAC38-0715-4C7A-9FDF-68CD472774A1}.Release|Any CPU.ActiveCfg = Release|Any CPU
		{FC1DAC38-0715-4C7A-9FDF-68CD472774A1}.Release|Any CPU.Build.0 = Release|Any CPU
	EndGlobalSection
	GlobalSection(SolutionProperties) = preSolution
		HideSolutionNode = FALSE
	EndGlobalSection
EndGlobal
