
Microsoft Visual Studio Solution File, Format Version 11.00
# Visual Studio 2010
Project("{FAE04EC0-301F-11D3-BF4B-00C04F79EFBC}") = "018(茂榮)建立一個畫面可填資料與show資料", "018(茂榮)建立一個畫面可填資料與show資料\018(茂榮)建立一個畫面可填資料與show資料.csproj", "{98094924-A10D-4700-82EC-F797133FE282}"
EndProject
Global
	GlobalSection(SolutionConfigurationPlatforms) = preSolution
		Debug|Any CPU = Debug|Any CPU
		Release|Any CPU = Release|Any CPU
	EndGlobalSection
	GlobalSection(ProjectConfigurationPlatforms) = postSolution
		{98094924-A10D-4700-82EC-F797133FE282}.Debug|Any CPU.ActiveCfg = Debug|Any CPU
		{98094924-A10D-4700-82EC-F797133FE282}.Debug|Any CPU.Build.0 = Debug|Any CPU
		{98094924-A10D-4700-82EC-F797133FE282}.Release|Any CPU.ActiveCfg = Release|Any CPU
		{98094924-A10D-4700-82EC-F797133FE282}.Release|Any CPU.Build.0 = Release|Any CPU
	EndGlobalSection
	GlobalSection(SolutionProperties) = preSolution
		HideSolutionNode = FALSE
	EndGlobalSection
EndGlobal
