
Microsoft Visual Studio Solution File, Format Version 11.00
# Visual Studio 2010
Project("{FAE04EC0-301F-11D3-BF4B-00C04F79EFBC}") = "014佩貞出的難題", "014佩貞出的難題\014佩貞出的難題.csproj", "{F81D7917-DEFE-436A-8FB6-877804377013}"
EndProject
Global
	GlobalSection(SolutionConfigurationPlatforms) = preSolution
		Debug|Any CPU = Debug|Any CPU
		Release|Any CPU = Release|Any CPU
	EndGlobalSection
	GlobalSection(ProjectConfigurationPlatforms) = postSolution
		{F81D7917-DEFE-436A-8FB6-877804377013}.Debug|Any CPU.ActiveCfg = Debug|Any CPU
		{F81D7917-DEFE-436A-8FB6-877804377013}.Debug|Any CPU.Build.0 = Debug|Any CPU
		{F81D7917-DEFE-436A-8FB6-877804377013}.Release|Any CPU.ActiveCfg = Release|Any CPU
		{F81D7917-DEFE-436A-8FB6-877804377013}.Release|Any CPU.Build.0 = Release|Any CPU
	EndGlobalSection
	GlobalSection(SolutionProperties) = preSolution
		HideSolutionNode = FALSE
	EndGlobalSection
EndGlobal
