
Microsoft Visual Studio Solution File, Format Version 11.00
# Visual Studio 2010
Project("{FAE04EC0-301F-11D3-BF4B-00C04F79EFBC}") = "010樣式_屬性_欄位內容存取語法", "010樣式_屬性_欄位內容存取語法\010樣式_屬性_欄位內容存取語法.csproj", "{CD9FC196-9E25-447C-A846-8D444A5EE820}"
EndProject
Global
	GlobalSection(SolutionConfigurationPlatforms) = preSolution
		Debug|Any CPU = Debug|Any CPU
		Release|Any CPU = Release|Any CPU
	EndGlobalSection
	GlobalSection(ProjectConfigurationPlatforms) = postSolution
		{CD9FC196-9E25-447C-A846-8D444A5EE820}.Debug|Any CPU.ActiveCfg = Debug|Any CPU
		{CD9FC196-9E25-447C-A846-8D444A5EE820}.Debug|Any CPU.Build.0 = Debug|Any CPU
		{CD9FC196-9E25-447C-A846-8D444A5EE820}.Release|Any CPU.ActiveCfg = Release|Any CPU
		{CD9FC196-9E25-447C-A846-8D444A5EE820}.Release|Any CPU.Build.0 = Release|Any CPU
	EndGlobalSection
	GlobalSection(SolutionProperties) = preSolution
		HideSolutionNode = FALSE
	EndGlobalSection
EndGlobal
